{
  "pins" : [
    {
      "identity" : "clispinner",
      "kind" : "remoteSourceControl",
      "location" : "https://github.com/kiliankoe/CLISpinner",
      "state" : {
        "revision" : "0572232b92ddfd80cbab4ced6973d1c210022968",
        "version" : "0.4.0"
      }
    },
    {
      "identity" : "openaiswift",
      "kind" : "remoteSourceControl",
      "location" : "https://github.com/adamrushy/OpenAISwift.git",
      "state" : {
        "revision" : "aeb19b0d5739fd6e3f568ccdb93376827e3cde0e",
        "version" : "1.2.0"
      }
    },
    {
      "identity" : "rainbow",
      "kind" : "remoteSourceControl",
      "location" : "https://github.com/onevcat/Rainbow",
      "state" : {
        "revision" : "626c3d4b6b55354b4af3aa309f998fae9b31a3d9",
        "version" : "3.2.0"
      }
    },
    {
      "identity" : "swiftcli",
      "kind" : "remoteSourceControl",
      "location" : "https://github.com/jakeheis/SwiftCLI",
      "state" : {
        "revision" : "2e949055d9797c1a6bddcda0e58dada16cc8e970",
        "version" : "6.0.3"
      }
    },
    {
      "identity" : "swiftdiffpatch",
      "kind" : "remoteSourceControl",
      "location" : "https://github.com/STCData/SwiftDiffPatch.git",
      "state" : {
        "branch" : "main",
        "revision" : "dd3b99e2c4d9f5a28ae581970c31de545a819f28"
      }
    },
    {
      "identity" : "swiftytexttable",
      "kind" : "remoteSourceControl",
      "location" : "https://github.com/scottrhoyt/SwiftyTextTable.git",
      "state" : {
        "revision" : "c6df6cf533d120716bff38f8ff9885e1ce2a4ac3",
        "version" : "0.9.0"
      }
    },
    {
      "identity" : "treeprinter",
      "kind" : "remoteSourceControl",
      "location" : "https://github.com/STCData/TreePrinter.git",
      "state" : {
        "branch" : "main",
        "revision" : "9191b0dd49ed7e1d60e8dee472a179a5fd5d31da"
      }
    },
    {
      "identity" : "yams",
      "kind" : "remoteSourceControl",
      "location" : "https://github.com/jpsim/Yams.git",
      "state" : {
        "revision" : "f47ba4838c30dbd59998a4e4c87ab620ff959e8a",
        "version" : "5.0.5"
      }
    }
  ],
  "version" : 2
}
